
Microsoft Visual Studio Solution File, Format Version 12.00
Project("{FAE04EC0-301F-11D3-BF4B-00C04F79EFBC}") = "Speedtest", "Speedtest\Speedtest.csproj", "{321CD1CC-B1AF-4329-8013-CF974C40B79F}"
EndProject
Project("{FAE04EC0-301F-11D3-BF4B-00C04F79EFBC}") = "Speedtest.Shared", "Speedtest.Shared\Speedtest.Shared.csproj", "{02302E4C-005C-4B3D-8C8B-D1C5DEFA91C3}"
EndProject
Project("{FAE04EC0-301F-11D3-BF4B-00C04F79EFBC}") = "Speedtest.InfluxDb", "Speedtest.InfluxDb\Speedtest.InfluxDb.csproj", "{36D58AF2-EEEA-429D-B0F6-DFFA0E09CCE0}"
EndProject
Global
	GlobalSection(SolutionConfigurationPlatforms) = preSolution
		Debug|Any CPU = Debug|Any CPU
		Release|Any CPU = Release|Any CPU
	EndGlobalSection
	GlobalSection(ProjectConfigurationPlatforms) = postSolution
		{321CD1CC-B1AF-4329-8013-CF974C40B79F}.Debug|Any CPU.ActiveCfg = Debug|Any CPU
		{321CD1CC-B1AF-4329-8013-CF974C40B79F}.Debug|Any CPU.Build.0 = Debug|Any CPU
		{321CD1CC-B1AF-4329-8013-CF974C40B79F}.Release|Any CPU.ActiveCfg = Release|Any CPU
		{321CD1CC-B1AF-4329-8013-CF974C40B79F}.Release|Any CPU.Build.0 = Release|Any CPU
		{02302E4C-005C-4B3D-8C8B-D1C5DEFA91C3}.Debug|Any CPU.ActiveCfg = Debug|Any CPU
		{02302E4C-005C-4B3D-8C8B-D1C5DEFA91C3}.Debug|Any CPU.Build.0 = Debug|Any CPU
		{02302E4C-005C-4B3D-8C8B-D1C5DEFA91C3}.Release|Any CPU.ActiveCfg = Release|Any CPU
		{02302E4C-005C-4B3D-8C8B-D1C5DEFA91C3}.Release|Any CPU.Build.0 = Release|Any CPU
		{36D58AF2-EEEA-429D-B0F6-DFFA0E09CCE0}.Debug|Any CPU.ActiveCfg = Debug|Any CPU
		{36D58AF2-EEEA-429D-B0F6-DFFA0E09CCE0}.Debug|Any CPU.Build.0 = Debug|Any CPU
		{36D58AF2-EEEA-429D-B0F6-DFFA0E09CCE0}.Release|Any CPU.ActiveCfg = Release|Any CPU
		{36D58AF2-EEEA-429D-B0F6-DFFA0E09CCE0}.Release|Any CPU.Build.0 = Release|Any CPU
	EndGlobalSection
EndGlobal
